
Microsoft Visual Studio Solution File, Format Version 12.00
# Visual Studio Version 16
VisualStudioVersion = 16.0.30204.135
MinimumVisualStudioVersion = 10.0.40219.1
Project("{9A19103F-16F7-4668-BE54-9A1E7A4F7556}") = "MyWebAPI", "MyWebAPI\MyWebAPI.csproj", "{FC744E2F-514B-4607-9410-620721B36ACB}"
EndProject
Global
	GlobalSection(SolutionConfigurationPlatforms) = preSolution
		Debug|Any CPU = Debug|Any CPU
		Release|Any CPU = Release|Any CPU
	EndGlobalSection
	GlobalSection(ProjectConfigurationPlatforms) = postSolution
		{FC744E2F-514B-4607-9410-620721B36ACB}.Debug|Any CPU.ActiveCfg = Debug|Any CPU
		{FC744E2F-514B-4607-9410-620721B36ACB}.Debug|Any CPU.Build.0 = Debug|Any CPU
		{FC744E2F-514B-4607-9410-620721B36ACB}.Release|Any CPU.ActiveCfg = Release|Any CPU
		{FC744E2F-514B-4607-9410-620721B36ACB}.Release|Any CPU.Build.0 = Release|Any CPU
	EndGlobalSection
	GlobalSection(SolutionProperties) = preSolution
		HideSolutionNode = FALSE
	EndGlobalSection
	GlobalSection(ExtensibilityGlobals) = postSolution
		SolutionGuid = {9924B658-CB2F-48BB-AD70-415AD3163783}
	EndGlobalSection
EndGlobal
